// !$*UTF8*$!
{
	archiveVersion = 1;
	classes = {
	};
	objectVersion = 56;
	objects = {

/* Begin PBXBuildFile section */
		5C0DF6AC938B49006C491D25 /* libPods-UIComponents.a in Frameworks */ = {isa = PBXBuildFile; fileRef = 2C8773D10DFF4B47F5D8B618 /* libPods-UIComponents.a */; };
		E64C90782972D43D004545BB /* UIComponents.h in Headers */ = {isa = PBXBuildFile; fileRef = E64C90772972D43D004545BB /* UIComponents.h */; settings = {ATTRIBUTES = (Public, ); }; };
		E64C90B42972E5C5004545BB /* Colors.xcassets in Resources */ = {isa = PBXBuildFile; fileRef = E64C90B32972E5C5004545BB /* Colors.xcassets */; };
		E64C90B62972E5D1004545BB /* Images.xcassets in Resources */ = {isa = PBXBuildFile; fileRef = E64C90B52972E5D1004545BB /* Images.xcassets */; };
		E64C90CB2972E70E004545BB /* Localizable.strings in Resources */ = {isa = PBXBuildFile; fileRef = E64C90CA2972E70E004545BB /* Localizable.strings */; };
		E64C90CD2972E95D004545BB /* Assets.swift in Sources */ = {isa = PBXBuildFile; fileRef = E64C90CC2972E95D004545BB /* Assets.swift */; };
		E64C90D02972E966004545BB /* UIColor+Colors.swift in Sources */ = {isa = PBXBuildFile; fileRef = E64C90CE2972E966004545BB /* UIColor+Colors.swift */; };
		E64C90D12972E966004545BB /* UIImage+Images.swift in Sources */ = {isa = PBXBuildFile; fileRef = E64C90CF2972E966004545BB /* UIImage+Images.swift */; };
		E64C90D32972E988004545BB /* Fonts.swift in Sources */ = {isa = PBXBuildFile; fileRef = E64C90D22972E988004545BB /* Fonts.swift */; };
		E64C90DE2972E9AE004545BB /* Inter-Medium.ttf in Resources */ = {isa = PBXBuildFile; fileRef = E64C90D52972E9AE004545BB /* Inter-Medium.ttf */; };
		E64C90DF2972E9AE004545BB /* Inter-Light.ttf in Resources */ = {isa = PBXBuildFile; fileRef = E64C90D62972E9AE004545BB /* Inter-Light.ttf */; };
		E64C90E02972E9AE004545BB /* Inter-Thin.ttf in Resources */ = {isa = PBXBuildFile; fileRef = E64C90D72972E9AE004545BB /* Inter-Thin.ttf */; };
		E64C90E12972E9AE004545BB /* Inter-Bold.ttf in Resources */ = {isa = PBXBuildFile; fileRef = E64C90D82972E9AE004545BB /* Inter-Bold.ttf */; };
		E64C90E22972E9AE004545BB /* Inter-Regular.ttf in Resources */ = {isa = PBXBuildFile; fileRef = E64C90D92972E9AE004545BB /* Inter-Regular.ttf */; };
		E64C90E32972E9AE004545BB /* Inter-ExtraBold.ttf in Resources */ = {isa = PBXBuildFile; fileRef = E64C90DA2972E9AE004545BB /* Inter-ExtraBold.ttf */; };
		E64C90E42972E9AE004545BB /* Inter-ExtraLight.ttf in Resources */ = {isa = PBXBuildFile; fileRef = E64C90DB2972E9AE004545BB /* Inter-ExtraLight.ttf */; };
		E64C90E52972E9AE004545BB /* Inter-Black.ttf in Resources */ = {isa = PBXBuildFile; fileRef = E64C90DC2972E9AE004545BB /* Inter-Black.ttf */; };
		E64C90E62972E9AE004545BB /* Inter-SemiBold.ttf in Resources */ = {isa = PBXBuildFile; fileRef = E64C90DD2972E9AE004545BB /* Inter-SemiBold.ttf */; };
		E64C90E82972E9D6004545BB /* StringsConstant.swift in Sources */ = {isa = PBXBuildFile; fileRef = E64C90E72972E9D6004545BB /* StringsConstant.swift */; };
		E64C90EA2972E9ED004545BB /* LocalizeManager.swift in Sources */ = {isa = PBXBuildFile; fileRef = E64C90E92972E9ED004545BB /* LocalizeManager.swift */; };
		E64C90ED2972EAAA004545BB /* Fonts+Extension.swift in Sources */ = {isa = PBXBuildFile; fileRef = E64C90EC2972EAAA004545BB /* Fonts+Extension.swift */; };
		E64C90F02972EBB1004545BB /* LoadingView.swift in Sources */ = {isa = PBXBuildFile; fileRef = E64C90EF2972EBB1004545BB /* LoadingView.swift */; };
		E64C90F82972ED6F004545BB /* UITableView+Extensions.swift in Sources */ = {isa = PBXBuildFile; fileRef = E64C90F72972ED6F004545BB /* UITableView+Extensions.swift */; };
		E64C90FB2972ED9F004545BB /* ReusableView.swift in Sources */ = {isa = PBXBuildFile; fileRef = E64C90FA2972ED9F004545BB /* ReusableView.swift */; };
		E64C90FD2972EFAE004545BB /* swiftgen.yml in Resources */ = {isa = PBXBuildFile; fileRef = E64C90FC2972EFAE004545BB /* swiftgen.yml */; };
/* End PBXBuildFile section */

/* Begin PBXFileReference section */
		2C8773D10DFF4B47F5D8B618 /* libPods-UIComponents.a */ = {isa = PBXFileReference; explicitFileType = archive.ar; includeInIndex = 0; path = "libPods-UIComponents.a"; sourceTree = BUILT_PRODUCTS_DIR; };
		9A3A2A5EA153C3D17603FEF9 /* Pods-UIComponents.debug.xcconfig */ = {isa = PBXFileReference; includeInIndex = 1; lastKnownFileType = text.xcconfig; name = "Pods-UIComponents.debug.xcconfig"; path = "Target Support Files/Pods-UIComponents/Pods-UIComponents.debug.xcconfig"; sourceTree = "<group>"; };
		CA4E23DD145C0D1E13F229D5 /* Pods-UIComponents.release.xcconfig */ = {isa = PBXFileReference; includeInIndex = 1; lastKnownFileType = text.xcconfig; name = "Pods-UIComponents.release.xcconfig"; path = "Target Support Files/Pods-UIComponents/Pods-UIComponents.release.xcconfig"; sourceTree = "<group>"; };
		E64C90742972D43D004545BB /* UIComponents.framework */ = {isa = PBXFileReference; explicitFileType = wrapper.framework; includeInIndex = 0; path = UIComponents.framework; sourceTree = BUILT_PRODUCTS_DIR; };
		E64C90772972D43D004545BB /* UIComponents.h */ = {isa = PBXFileReference; lastKnownFileType = sourcecode.c.h; path = UIComponents.h; sourceTree = "<group>"; };
		E64C90B32972E5C5004545BB /* Colors.xcassets */ = {isa = PBXFileReference; lastKnownFileType = folder.assetcatalog; path = Colors.xcassets; sourceTree = "<group>"; };
		E64C90B52972E5D1004545BB /* Images.xcassets */ = {isa = PBXFileReference; lastKnownFileType = folder.assetcatalog; path = Images.xcassets; sourceTree = "<group>"; };
		E64C90CA2972E70E004545BB /* Localizable.strings */ = {isa = PBXFileReference; lastKnownFileType = text.plist.strings; path = Localizable.strings; sourceTree = "<group>"; };
		E64C90CC2972E95D004545BB /* Assets.swift */ = {isa = PBXFileReference; fileEncoding = 4; lastKnownFileType = sourcecode.swift; path = Assets.swift; sourceTree = "<group>"; };
		E64C90CE2972E966004545BB /* UIColor+Colors.swift */ = {isa = PBXFileReference; fileEncoding = 4; lastKnownFileType = sourcecode.swift; path = "UIColor+Colors.swift"; sourceTree = "<group>"; };
		E64C90CF2972E966004545BB /* UIImage+Images.swift */ = {isa = PBXFileReference; fileEncoding = 4; lastKnownFileType = sourcecode.swift; path = "UIImage+Images.swift"; sourceTree = "<group>"; };
		E64C90D22972E988004545BB /* Fonts.swift */ = {isa = PBXFileReference; fileEncoding = 4; lastKnownFileType = sourcecode.swift; path = Fonts.swift; sourceTree = "<group>"; };
		E64C90D52972E9AE004545BB /* Inter-Medium.ttf */ = {isa = PBXFileReference; lastKnownFileType = file; path = "Inter-Medium.ttf"; sourceTree = "<group>"; };
		E64C90D62972E9AE004545BB /* Inter-Light.ttf */ = {isa = PBXFileReference; lastKnownFileType = file; path = "Inter-Light.ttf"; sourceTree = "<group>"; };
		E64C90D72972E9AE004545BB /* Inter-Thin.ttf */ = {isa = PBXFileReference; lastKnownFileType = file; path = "Inter-Thin.ttf"; sourceTree = "<group>"; };
		E64C90D82972E9AE004545BB /* Inter-Bold.ttf */ = {isa = PBXFileReference; lastKnownFileType = file; path = "Inter-Bold.ttf"; sourceTree = "<group>"; };
		E64C90D92972E9AE004545BB /* Inter-Regular.ttf */ = {isa = PBXFileReference; lastKnownFileType = file; path = "Inter-Regular.ttf"; sourceTree = "<group>"; };
		E64C90DA2972E9AE004545BB /* Inter-ExtraBold.ttf */ = {isa = PBXFileReference; lastKnownFileType = file; path = "Inter-ExtraBold.ttf"; sourceTree = "<group>"; };
		E64C90DB2972E9AE004545BB /* Inter-ExtraLight.ttf */ = {isa = PBXFileReference; lastKnownFileType = file; path = "Inter-ExtraLight.ttf"; sourceTree = "<group>"; };
		E64C90DC2972E9AE004545BB /* Inter-Black.ttf */ = {isa = PBXFileReference; lastKnownFileType = file; path = "Inter-Black.ttf"; sourceTree = "<group>"; };
		E64C90DD2972E9AE004545BB /* Inter-SemiBold.ttf */ = {isa = PBXFileReference; lastKnownFileType = file; path = "Inter-SemiBold.ttf"; sourceTree = "<group>"; };
		E64C90E72972E9D6004545BB /* StringsConstant.swift */ = {isa = PBXFileReference; fileEncoding = 4; lastKnownFileType = sourcecode.swift; path = StringsConstant.swift; sourceTree = "<group>"; };
		E64C90E92972E9ED004545BB /* LocalizeManager.swift */ = {isa = PBXFileReference; lastKnownFileType = sourcecode.swift; path = LocalizeManager.swift; sourceTree = "<group>"; };
		E64C90EC2972EAAA004545BB /* Fonts+Extension.swift */ = {isa = PBXFileReference; lastKnownFileType = sourcecode.swift; path = "Fonts+Extension.swift"; sourceTree = "<group>"; };
		E64C90EF2972EBB1004545BB /* LoadingView.swift */ = {isa = PBXFileReference; lastKnownFileType = sourcecode.swift; path = LoadingView.swift; sourceTree = "<group>"; };
		E64C90F72972ED6F004545BB /* UITableView+Extensions.swift */ = {isa = PBXFileReference; lastKnownFileType = sourcecode.swift; path = "UITableView+Extensions.swift"; sourceTree = "<group>"; };
		E64C90FA2972ED9F004545BB /* ReusableView.swift */ = {isa = PBXFileReference; lastKnownFileType = sourcecode.swift; path = ReusableView.swift; sourceTree = "<group>"; };
		E64C90FC2972EFAE004545BB /* swiftgen.yml */ = {isa = PBXFileReference; fileEncoding = 4; lastKnownFileType = text.yaml; path = swiftgen.yml; sourceTree = SOURCE_ROOT; };
/* End PBXFileReference section */

/* Begin PBXFrameworksBuildPhase section */
		E64C90712972D43D004545BB /* Frameworks */ = {
			isa = PBXFrameworksBuildPhase;
			buildActionMask = 2147483647;
			files = (
				5C0DF6AC938B49006C491D25 /* libPods-UIComponents.a in Frameworks */,
			);
			runOnlyForDeploymentPostprocessing = 0;
		};
/* End PBXFrameworksBuildPhase section */

/* Begin PBXGroup section */
		2D657A1CD85FF9C0A8071D22 /* Pods */ = {
			isa = PBXGroup;
			children = (
				9A3A2A5EA153C3D17603FEF9 /* Pods-UIComponents.debug.xcconfig */,
				CA4E23DD145C0D1E13F229D5 /* Pods-UIComponents.release.xcconfig */,
			);
			name = Pods;
			path = ../Pods;
			sourceTree = "<group>";
		};
		E64C906A2972D43D004545BB = {
			isa = PBXGroup;
			children = (
				E64C90762972D43D004545BB /* UIComponents */,
				E64C90752972D43D004545BB /* Products */,
				2D657A1CD85FF9C0A8071D22 /* Pods */,
				F9BA11C7DF2B9A68C808B60E /* Frameworks */,
			);
			sourceTree = "<group>";
		};
		E64C90752972D43D004545BB /* Products */ = {
			isa = PBXGroup;
			children = (
				E64C90742972D43D004545BB /* UIComponents.framework */,
			);
			name = Products;
			sourceTree = "<group>";
		};
		E64C90762972D43D004545BB /* UIComponents */ = {
			isa = PBXGroup;
			children = (
				E64C90FC2972EFAE004545BB /* swiftgen.yml */,
				E64C90F92972ED8E004545BB /* Protocols */,
				E64C90F62972ED53004545BB /* Extension */,
				E64C90EE2972EB94004545BB /* UIView */,
				E64C90AD2972E55A004545BB /* Resources */,
				E64C90772972D43D004545BB /* UIComponents.h */,
			);
			path = UIComponents;
			sourceTree = "<group>";
		};
		E64C90AD2972E55A004545BB /* Resources */ = {
			isa = PBXGroup;
			children = (
				E64C90B22972E58D004545BB /* Assets */,
				E64C90B12972E585004545BB /* Fonts */,
				E64C90B02972E579004545BB /* Strings */,
			);
			path = Resources;
			sourceTree = "<group>";
		};
		E64C90B02972E579004545BB /* Strings */ = {
			isa = PBXGroup;
			children = (
				E64C90CA2972E70E004545BB /* Localizable.strings */,
				E64C90E72972E9D6004545BB /* StringsConstant.swift */,
				E64C90E92972E9ED004545BB /* LocalizeManager.swift */,
			);
			path = Strings;
			sourceTree = "<group>";
		};
		E64C90B12972E585004545BB /* Fonts */ = {
			isa = PBXGroup;
			children = (
				E64C90D22972E988004545BB /* Fonts.swift */,
				E64C90D42972E9AE004545BB /* Inter */,
				E64C90EC2972EAAA004545BB /* Fonts+Extension.swift */,
			);
			path = Fonts;
			sourceTree = "<group>";
		};
		E64C90B22972E58D004545BB /* Assets */ = {
			isa = PBXGroup;
			children = (
				E64C90CC2972E95D004545BB /* Assets.swift */,
				E64C90CE2972E966004545BB /* UIColor+Colors.swift */,
				E64C90CF2972E966004545BB /* UIImage+Images.swift */,
				E64C90B32972E5C5004545BB /* Colors.xcassets */,
				E64C90B52972E5D1004545BB /* Images.xcassets */,
			);
			path = Assets;
			sourceTree = "<group>";
		};
		E64C90D42972E9AE004545BB /* Inter */ = {
			isa = PBXGroup;
			children = (
				E64C90D52972E9AE004545BB /* Inter-Medium.ttf */,
				E64C90D62972E9AE004545BB /* Inter-Light.ttf */,
				E64C90D72972E9AE004545BB /* Inter-Thin.ttf */,
				E64C90D82972E9AE004545BB /* Inter-Bold.ttf */,
				E64C90D92972E9AE004545BB /* Inter-Regular.ttf */,
				E64C90DA2972E9AE004545BB /* Inter-ExtraBold.ttf */,
				E64C90DB2972E9AE004545BB /* Inter-ExtraLight.ttf */,
				E64C90DC2972E9AE004545BB /* Inter-Black.ttf */,
				E64C90DD2972E9AE004545BB /* Inter-SemiBold.ttf */,
			);
			path = Inter;
			sourceTree = "<group>";
		};
		E64C90EE2972EB94004545BB /* UIView */ = {
			isa = PBXGroup;
			children = (
				E64C90EF2972EBB1004545BB /* LoadingView.swift */,
			);
			path = UIView;
			sourceTree = "<group>";
		};
		E64C90F62972ED53004545BB /* Extension */ = {
			isa = PBXGroup;
			children = (
				E64C90F72972ED6F004545BB /* UITableView+Extensions.swift */,
			);
			path = Extension;
			sourceTree = "<group>";
		};
		E64C90F92972ED8E004545BB /* Protocols */ = {
			isa = PBXGroup;
			children = (
				E64C90FA2972ED9F004545BB /* ReusableView.swift */,
			);
			path = Protocols;
			sourceTree = "<group>";
		};
		F9BA11C7DF2B9A68C808B60E /* Frameworks */ = {
			isa = PBXGroup;
			children = (
				2C8773D10DFF4B47F5D8B618 /* libPods-UIComponents.a */,
			);
			name = Frameworks;
			sourceTree = "<group>";
		};
/* End PBXGroup section */

/* Begin PBXHeadersBuildPhase section */
		E64C906F2972D43D004545BB /* Headers */ = {
			isa = PBXHeadersBuildPhase;
			buildActionMask = 2147483647;
			files = (
				E64C90782972D43D004545BB /* UIComponents.h in Headers */,
			);
			runOnlyForDeploymentPostprocessing = 0;
		};
/* End PBXHeadersBuildPhase section */

/* Begin PBXNativeTarget section */
		E64C90732972D43D004545BB /* UIComponents */ = {
			isa = PBXNativeTarget;
			buildConfigurationList = E64C907B2972D43D004545BB /* Build configuration list for PBXNativeTarget "UIComponents" */;
			buildPhases = (
				693B83985225EF924562EC67 /* [CP] Check Pods Manifest.lock */,
				E64C906F2972D43D004545BB /* Headers */,
				E64C90702972D43D004545BB /* Sources */,
				E64C90712972D43D004545BB /* Frameworks */,
				E64C90722972D43D004545BB /* Resources */,
				E64C90EB2972EA2B004545BB /* Run Swiftgen */,
			);
			buildRules = (
			);
			dependencies = (
			);
			name = UIComponents;
			productName = UIComponents;
			productReference = E64C90742972D43D004545BB /* UIComponents.framework */;
			productType = "com.apple.product-type.framework";
		};
/* End PBXNativeTarget section */

/* Begin PBXProject section */
		E64C906B2972D43D004545BB /* Project object */ = {
			isa = PBXProject;
			attributes = {
				BuildIndependentTargetsInParallel = 1;
				LastUpgradeCheck = 1410;
				TargetAttributes = {
					E64C90732972D43D004545BB = {
						CreatedOnToolsVersion = 14.1;
						LastSwiftMigration = 1410;
					};
				};
			};
			buildConfigurationList = E64C906E2972D43D004545BB /* Build configuration list for PBXProject "UIComponents" */;
			compatibilityVersion = "Xcode 14.0";
			developmentRegion = en;
			hasScannedForEncodings = 0;
			knownRegions = (
				en,
				Base,
			);
			mainGroup = E64C906A2972D43D004545BB;
			productRefGroup = E64C90752972D43D004545BB /* Products */;
			projectDirPath = "";
			projectRoot = "";
			targets = (
				E64C90732972D43D004545BB /* UIComponents */,
			);
		};
/* End PBXProject section */

/* Begin PBXResourcesBuildPhase section */
		E64C90722972D43D004545BB /* Resources */ = {
			isa = PBXResourcesBuildPhase;
			buildActionMask = 2147483647;
			files = (
				E64C90FD2972EFAE004545BB /* swiftgen.yml in Resources */,
				E64C90E62972E9AE004545BB /* Inter-SemiBold.ttf in Resources */,
				E64C90DF2972E9AE004545BB /* Inter-Light.ttf in Resources */,
				E64C90E42972E9AE004545BB /* Inter-ExtraLight.ttf in Resources */,
				E64C90DE2972E9AE004545BB /* Inter-Medium.ttf in Resources */,
				E64C90E32972E9AE004545BB /* Inter-ExtraBold.ttf in Resources */,
				E64C90E02972E9AE004545BB /* Inter-Thin.ttf in Resources */,
				E64C90E12972E9AE004545BB /* Inter-Bold.ttf in Resources */,
				E64C90E52972E9AE004545BB /* Inter-Black.ttf in Resources */,
				E64C90CB2972E70E004545BB /* Localizable.strings in Resources */,
				E64C90B42972E5C5004545BB /* Colors.xcassets in Resources */,
				E64C90E22972E9AE004545BB /* Inter-Regular.ttf in Resources */,
				E64C90B62972E5D1004545BB /* Images.xcassets in Resources */,
			);
			runOnlyForDeploymentPostprocessing = 0;
		};
/* End PBXResourcesBuildPhase section */

/* Begin PBXShellScriptBuildPhase section */
		693B83985225EF924562EC67 /* [CP] Check Pods Manifest.lock */ = {
			isa = PBXShellScriptBuildPhase;
			buildActionMask = 2147483647;
			files = (
			);
			inputFileListPaths = (
			);
			inputPaths = (
				"${PODS_PODFILE_DIR_PATH}/Podfile.lock",
				"${PODS_ROOT}/Manifest.lock",
			);
			name = "[CP] Check Pods Manifest.lock";
			outputFileListPaths = (
			);
			outputPaths = (
				"$(DERIVED_FILE_DIR)/Pods-UIComponents-checkManifestLockResult.txt",
			);
			runOnlyForDeploymentPostprocessing = 0;
			shellPath = /bin/sh;
			shellScript = "diff \"${PODS_PODFILE_DIR_PATH}/Podfile.lock\" \"${PODS_ROOT}/Manifest.lock\" > /dev/null\nif [ $? != 0 ] ; then\n    # print error to STDERR\n    echo \"error: The sandbox is not in sync with the Podfile.lock. Run 'pod install' or update your CocoaPods installation.\" >&2\n    exit 1\nfi\n# This output is used by Xcode 'outputs' to avoid re-running this script phase.\necho \"SUCCESS\" > \"${SCRIPT_OUTPUT_FILE_0}\"\n";
			showEnvVarsInLog = 0;
		};
		E64C90EB2972EA2B004545BB /* Run Swiftgen */ = {
			isa = PBXShellScriptBuildPhase;
			buildActionMask = 2147483647;
			files = (
			);
			inputFileListPaths = (
			);
			inputPaths = (
			);
			name = "Run Swiftgen";
			outputFileListPaths = (
			);
			outputPaths = (
			);
			runOnlyForDeploymentPostprocessing = 0;
			shellPath = /bin/sh;
			shellScript = "if [[ -f \"${PODS_ROOT}/SwiftGen/bin/swiftgen\" ]]; then\n  \"${PODS_ROOT}/SwiftGen/bin/swiftgen\"\nelse\n  echo \"warning: SwiftGen is not installed. Run 'pod install --repo-update' to install it.\"\nfi\n";
		};
/* End PBXShellScriptBuildPhase section */

/* Begin PBXSourcesBuildPhase section */
		E64C90702972D43D004545BB /* Sources */ = {
			isa = PBXSourcesBuildPhase;
			buildActionMask = 2147483647;
			files = (
				E64C90F82972ED6F004545BB /* UITableView+Extensions.swift in Sources */,
				E64C90FB2972ED9F004545BB /* ReusableView.swift in Sources */,
				E64C90D32972E988004545BB /* Fonts.swift in Sources */,
				E64C90E82972E9D6004545BB /* StringsConstant.swift in Sources */,
				E64C90CD2972E95D004545BB /* Assets.swift in Sources */,
				E64C90D02972E966004545BB /* UIColor+Colors.swift in Sources */,
				E64C90EA2972E9ED004545BB /* LocalizeManager.swift in Sources */,
				E64C90F02972EBB1004545BB /* LoadingView.swift in Sources */,
				E64C90D12972E966004545BB /* UIImage+Images.swift in Sources */,
				E64C90ED2972EAAA004545BB /* Fonts+Extension.swift in Sources */,
			);
			runOnlyForDeploymentPostprocessing = 0;
		};
/* End PBXSourcesBuildPhase section */

/* Begin XCBuildConfiguration section */
		E64C90792972D43D004545BB /* Debug */ = {
			isa = XCBuildConfiguration;
			buildSettings = {
				ALWAYS_SEARCH_USER_PATHS = NO;
				CLANG_ANALYZER_NONNULL = YES;
				CLANG_ANALYZER_NUMBER_OBJECT_CONVERSION = YES_AGGRESSIVE;
				CLANG_CXX_LANGUAGE_STANDARD = "gnu++20";
				CLANG_ENABLE_MODULES = YES;
				CLANG_ENABLE_OBJC_ARC = YES;
				CLANG_ENABLE_OBJC_WEAK = YES;
				CLANG_WARN_BLOCK_CAPTURE_AUTORELEASING = YES;
				CLANG_WARN_BOOL_CONVERSION = YES;
				CLANG_WARN_COMMA = YES;
				CLANG_WARN_CONSTANT_CONVERSION = YES;
				CLANG_WARN_DEPRECATED_OBJC_IMPLEMENTATIONS = YES;
				CLANG_WARN_DIRECT_OBJC_ISA_USAGE = YES_ERROR;
				CLANG_WARN_DOCUMENTATION_COMMENTS = YES;
				CLANG_WARN_EMPTY_BODY = YES;
				CLANG_WARN_ENUM_CONVERSION = YES;
				CLANG_WARN_INFINITE_RECURSION = YES;
				CLANG_WARN_INT_CONVERSION = YES;
				CLANG_WARN_NON_LITERAL_NULL_CONVERSION = YES;
				CLANG_WARN_OBJC_IMPLICIT_RETAIN_SELF = YES;
				CLANG_WARN_OBJC_LITERAL_CONVERSION = YES;
				CLANG_WARN_OBJC_ROOT_CLASS = YES_ERROR;
				CLANG_WARN_QUOTED_INCLUDE_IN_FRAMEWORK_HEADER = YES;
				CLANG_WARN_RANGE_LOOP_ANALYSIS = YES;
				CLANG_WARN_STRICT_PROTOTYPES = YES;
				CLANG_WARN_SUSPICIOUS_MOVE = YES;
				CLANG_WARN_UNGUARDED_AVAILABILITY = YES_AGGRESSIVE;
				CLANG_WARN_UNREACHABLE_CODE = YES;
				CLANG_WARN__DUPLICATE_METHOD_MATCH = YES;
				COPY_PHASE_STRIP = NO;
				CURRENT_PROJECT_VERSION = 1;
				DEBUG_INFORMATION_FORMAT = dwarf;
				ENABLE_STRICT_OBJC_MSGSEND = YES;
				ENABLE_TESTABILITY = YES;
				GCC_C_LANGUAGE_STANDARD = gnu11;
				GCC_DYNAMIC_NO_PIC = NO;
				GCC_NO_COMMON_BLOCKS = YES;
				GCC_OPTIMIZATION_LEVEL = 0;
				GCC_PREPROCESSOR_DEFINITIONS = (
					"DEBUG=1",
					"$(inherited)",
				);
				GCC_WARN_64_TO_32_BIT_CONVERSION = YES;
				GCC_WARN_ABOUT_RETURN_TYPE = YES_ERROR;
				GCC_WARN_UNDECLARED_SELECTOR = YES;
				GCC_WARN_UNINITIALIZED_AUTOS = YES_AGGRESSIVE;
				GCC_WARN_UNUSED_FUNCTION = YES;
				GCC_WARN_UNUSED_VARIABLE = YES;
				IPHONEOS_DEPLOYMENT_TARGET = 16.1;
				MTL_ENABLE_DEBUG_INFO = INCLUDE_SOURCE;
				MTL_FAST_MATH = YES;
				ONLY_ACTIVE_ARCH = YES;
				SDKROOT = iphoneos;
				SWIFT_ACTIVE_COMPILATION_CONDITIONS = DEBUG;
				SWIFT_OPTIMIZATION_LEVEL = "-Onone";
				VERSIONING_SYSTEM = "apple-generic";
				VERSION_INFO_PREFIX = "";
			};
			name = Debug;
		};
		E64C907A2972D43D004545BB /* Release */ = {
			isa = XCBuildConfiguration;
			buildSettings = {
				ALWAYS_SEARCH_USER_PATHS = NO;
				CLANG_ANALYZER_NONNULL = YES;
				CLANG_ANALYZER_NUMBER_OBJECT_CONVERSION = YES_AGGRESSIVE;
				CLANG_CXX_LANGUAGE_STANDARD = "gnu++20";
				CLANG_ENABLE_MODULES = YES;
				CLANG_ENABLE_OBJC_ARC = YES;
				CLANG_ENABLE_OBJC_WEAK = YES;
				CLANG_WARN_BLOCK_CAPTURE_AUTORELEASING = YES;
				CLANG_WARN_BOOL_CONVERSION = YES;
				CLANG_WARN_COMMA = YES;
				CLANG_WARN_CONSTANT_CONVERSION = YES;
				CLANG_WARN_DEPRECATED_OBJC_IMPLEMENTATIONS = YES;
				CLANG_WARN_DIRECT_OBJC_ISA_USAGE = YES_ERROR;
				CLANG_WARN_DOCUMENTATION_COMMENTS = YES;
				CLANG_WARN_EMPTY_BODY = YES;
				CLANG_WARN_ENUM_CONVERSION = YES;
				CLANG_WARN_INFINITE_RECURSION = YES;
				CLANG_WARN_INT_CONVERSION = YES;
				CLANG_WARN_NON_LITERAL_NULL_CONVERSION = YES;
				CLANG_WARN_OBJC_IMPLICIT_RETAIN_SELF = YES;
				CLANG_WARN_OBJC_LITERAL_CONVERSION = YES;
				CLANG_WARN_OBJC_ROOT_CLASS = YES_ERROR;
				CLANG_WARN_QUOTED_INCLUDE_IN_FRAMEWORK_HEADER = YES;
				CLANG_WARN_RANGE_LOOP_ANALYSIS = YES;
				CLANG_WARN_STRICT_PROTOTYPES = YES;
				CLANG_WARN_SUSPICIOUS_MOVE = YES;
				CLANG_WARN_UNGUARDED_AVAILABILITY = YES_AGGRESSIVE;
				CLANG_WARN_UNREACHABLE_CODE = YES;
				CLANG_WARN__DUPLICATE_METHOD_MATCH = YES;
				COPY_PHASE_STRIP = NO;
				CURRENT_PROJECT_VERSION = 1;
				DEBUG_INFORMATION_FORMAT = "dwarf-with-dsym";
				ENABLE_NS_ASSERTIONS = NO;
				ENABLE_STRICT_OBJC_MSGSEND = YES;
				GCC_C_LANGUAGE_STANDARD = gnu11;
				GCC_NO_COMMON_BLOCKS = YES;
				GCC_WARN_64_TO_32_BIT_CONVERSION = YES;
				GCC_WARN_ABOUT_RETURN_TYPE = YES_ERROR;
				GCC_WARN_UNDECLARED_SELECTOR = YES;
				GCC_WARN_UNINITIALIZED_AUTOS = YES_AGGRESSIVE;
				GCC_WARN_UNUSED_FUNCTION = YES;
				GCC_WARN_UNUSED_VARIABLE = YES;
				IPHONEOS_DEPLOYMENT_TARGET = 16.1;
				MTL_ENABLE_DEBUG_INFO = NO;
				MTL_FAST_MATH = YES;
				SDKROOT = iphoneos;
				SWIFT_COMPILATION_MODE = wholemodule;
				SWIFT_OPTIMIZATION_LEVEL = "-O";
				VALIDATE_PRODUCT = YES;
				VERSIONING_SYSTEM = "apple-generic";
				VERSION_INFO_PREFIX = "";
			};
			name = Release;
		};
		E64C907C2972D43D004545BB /* Debug */ = {
			isa = XCBuildConfiguration;
			baseConfigurationReference = 9A3A2A5EA153C3D17603FEF9 /* Pods-UIComponents.debug.xcconfig */;
			buildSettings = {
				CLANG_ENABLE_MODULES = YES;
				CODE_SIGN_STYLE = Automatic;
				CURRENT_PROJECT_VERSION = 1;
				DEFINES_MODULE = YES;
				DEVELOPMENT_TEAM = QXM745HWL7;
				DYLIB_COMPATIBILITY_VERSION = 1;
				DYLIB_CURRENT_VERSION = 1;
				DYLIB_INSTALL_NAME_BASE = "@rpath";
				GENERATE_INFOPLIST_FILE = YES;
				INFOPLIST_KEY_NSHumanReadableCopyright = "";
				INSTALL_PATH = "$(LOCAL_LIBRARY_DIR)/Frameworks";
				LD_RUNPATH_SEARCH_PATHS = (
					"$(inherited)",
					"@executable_path/Frameworks",
					"@loader_path/Frameworks",
				);
				MARKETING_VERSION = 1.0;
				PRODUCT_BUNDLE_IDENTIFIER = Berkay.UIComponents;
				PRODUCT_NAME = "$(TARGET_NAME:c99extidentifier)";
				SKIP_INSTALL = YES;
				SWIFT_EMIT_LOC_STRINGS = YES;
				SWIFT_OPTIMIZATION_LEVEL = "-Onone";
				SWIFT_VERSION = 5.0;
				TARGETED_DEVICE_FAMILY = "1,2";
			};
			name = Debug;
		};
		E64C907D2972D43D004545BB /* Release */ = {
			isa = XCBuildConfiguration;
			baseConfigurationReference = CA4E23DD145C0D1E13F229D5 /* Pods-UIComponents.release.xcconfig */;
			buildSettings = {
				CLANG_ENABLE_MODULES = YES;
				CODE_SIGN_STYLE = Automatic;
				CURRENT_PROJECT_VERSION = 1;
				DEFINES_MODULE = YES;
				DEVELOPMENT_TEAM = QXM745HWL7;
				DYLIB_COMPATIBILITY_VERSION = 1;
				DYLIB_CURRENT_VERSION = 1;
				DYLIB_INSTALL_NAME_BASE = "@rpath";
				GENERATE_INFOPLIST_FILE = YES;
				INFOPLIST_KEY_NSHumanReadableCopyright = "";
				INSTALL_PATH = "$(LOCAL_LIBRARY_DIR)/Frameworks";
				LD_RUNPATH_SEARCH_PATHS = (
					"$(inherited)",
					"@executable_path/Frameworks",
					"@loader_path/Frameworks",
				);
				MARKETING_VERSION = 1.0;
				PRODUCT_BUNDLE_IDENTIFIER = Berkay.UIComponents;
				PRODUCT_NAME = "$(TARGET_NAME:c99extidentifier)";
				SKIP_INSTALL = YES;
				SWIFT_EMIT_LOC_STRINGS = YES;
				SWIFT_VERSION = 5.0;
				TARGETED_DEVICE_FAMILY = "1,2";
			};
			name = Release;
		};
/* End XCBuildConfiguration section */

/* Begin XCConfigurationList section */
		E64C906E2972D43D004545BB /* Build configuration list for PBXProject "UIComponents" */ = {
			isa = XCConfigurationList;
			buildConfigurations = (
				E64C90792972D43D004545BB /* Debug */,
				E64C907A2972D43D004545BB /* Release */,
			);
			defaultConfigurationIsVisible = 0;
			defaultConfigurationName = Release;
		};
		E64C907B2972D43D004545BB /* Build configuration list for PBXNativeTarget "UIComponents" */ = {
			isa = XCConfigurationList;
			buildConfigurations = (
				E64C907C2972D43D004545BB /* Debug */,
				E64C907D2972D43D004545BB /* Release */,
			);
			defaultConfigurationIsVisible = 0;
			defaultConfigurationName = Release;
		};
/* End XCConfigurationList section */
	};
	rootObject = E64C906B2972D43D004545BB /* Project object */;
}
