// !$*UTF8*$!
{
	archiveVersion = 1;
	classes = {
	};
	objectVersion = 56;
	objects = {

/* Begin PBXBuildFile section */
		05D45B8E40C34278302164C7 /* Pods_ForeksTrader.framework in Frameworks */ = {isa = PBXBuildFile; fileRef = A2483CF92AD5A771B2D703CA /* Pods_ForeksTrader.framework */; };
		E64C903D29723DC7004545BB /* AppDelegate.swift in Sources */ = {isa = PBXBuildFile; fileRef = E64C903C29723DC7004545BB /* AppDelegate.swift */; };
		E64C903F29723DC7004545BB /* SceneDelegate.swift in Sources */ = {isa = PBXBuildFile; fileRef = E64C903E29723DC7004545BB /* SceneDelegate.swift */; };
		E64C904129723DC7004545BB /* ViewController.swift in Sources */ = {isa = PBXBuildFile; fileRef = E64C904029723DC7004545BB /* ViewController.swift */; };
		E64C904429723DC7004545BB /* Main.storyboard in Resources */ = {isa = PBXBuildFile; fileRef = E64C904229723DC7004545BB /* Main.storyboard */; };
		E64C904629723DC9004545BB /* Assets.xcassets in Resources */ = {isa = PBXBuildFile; fileRef = E64C904529723DC9004545BB /* Assets.xcassets */; };
		E64C904929723DC9004545BB /* LaunchScreen.storyboard in Resources */ = {isa = PBXBuildFile; fileRef = E64C904729723DC9004545BB /* LaunchScreen.storyboard */; };
/* End PBXBuildFile section */

/* Begin PBXFileReference section */
		653E67BB5E3431AD8C436134 /* Pods-ForeksTrader.debug.xcconfig */ = {isa = PBXFileReference; includeInIndex = 1; lastKnownFileType = text.xcconfig; name = "Pods-ForeksTrader.debug.xcconfig"; path = "Target Support Files/Pods-ForeksTrader/Pods-ForeksTrader.debug.xcconfig"; sourceTree = "<group>"; };
		A2483CF92AD5A771B2D703CA /* Pods_ForeksTrader.framework */ = {isa = PBXFileReference; explicitFileType = wrapper.framework; includeInIndex = 0; path = Pods_ForeksTrader.framework; sourceTree = BUILT_PRODUCTS_DIR; };
		DF0C8A3B0BAB9C5C7B398D95 /* Pods-ForeksTrader.release.xcconfig */ = {isa = PBXFileReference; includeInIndex = 1; lastKnownFileType = text.xcconfig; name = "Pods-ForeksTrader.release.xcconfig"; path = "Target Support Files/Pods-ForeksTrader/Pods-ForeksTrader.release.xcconfig"; sourceTree = "<group>"; };
		E64C903929723DC7004545BB /* ForeksTrader.app */ = {isa = PBXFileReference; explicitFileType = wrapper.application; includeInIndex = 0; path = ForeksTrader.app; sourceTree = BUILT_PRODUCTS_DIR; };
		E64C903C29723DC7004545BB /* AppDelegate.swift */ = {isa = PBXFileReference; lastKnownFileType = sourcecode.swift; path = AppDelegate.swift; sourceTree = "<group>"; };
		E64C903E29723DC7004545BB /* SceneDelegate.swift */ = {isa = PBXFileReference; lastKnownFileType = sourcecode.swift; path = SceneDelegate.swift; sourceTree = "<group>"; };
		E64C904029723DC7004545BB /* ViewController.swift */ = {isa = PBXFileReference; lastKnownFileType = sourcecode.swift; path = ViewController.swift; sourceTree = "<group>"; };
		E64C904329723DC7004545BB /* Base */ = {isa = PBXFileReference; lastKnownFileType = file.storyboard; name = Base; path = Base.lproj/Main.storyboard; sourceTree = "<group>"; };
		E64C904529723DC9004545BB /* Assets.xcassets */ = {isa = PBXFileReference; lastKnownFileType = folder.assetcatalog; path = Assets.xcassets; sourceTree = "<group>"; };
		E64C904829723DC9004545BB /* Base */ = {isa = PBXFileReference; lastKnownFileType = file.storyboard; name = Base; path = Base.lproj/LaunchScreen.storyboard; sourceTree = "<group>"; };
		E64C904A29723DC9004545BB /* Info.plist */ = {isa = PBXFileReference; lastKnownFileType = text.plist.xml; path = Info.plist; sourceTree = "<group>"; };
/* End PBXFileReference section */

/* Begin PBXFrameworksBuildPhase section */
		E64C903629723DC7004545BB /* Frameworks */ = {
			isa = PBXFrameworksBuildPhase;
			buildActionMask = 2147483647;
			files = (
				05D45B8E40C34278302164C7 /* Pods_ForeksTrader.framework in Frameworks */,
			);
			runOnlyForDeploymentPostprocessing = 0;
		};
/* End PBXFrameworksBuildPhase section */

/* Begin PBXGroup section */
		3FF3415CB08BD2FE8898A8B7 /* Pods */ = {
			isa = PBXGroup;
			children = (
				653E67BB5E3431AD8C436134 /* Pods-ForeksTrader.debug.xcconfig */,
				DF0C8A3B0BAB9C5C7B398D95 /* Pods-ForeksTrader.release.xcconfig */,
			);
			name = Pods;
			path = Pods;
			sourceTree = "<group>";
		};
		D5042DFB3CA75E8DF5A49F60 /* Frameworks */ = {
			isa = PBXGroup;
			children = (
				A2483CF92AD5A771B2D703CA /* Pods_ForeksTrader.framework */,
			);
			name = Frameworks;
			sourceTree = "<group>";
		};
		E64C903029723DC7004545BB = {
			isa = PBXGroup;
			children = (
				E64C903B29723DC7004545BB /* ForeksTrader */,
				E64C903A29723DC7004545BB /* Products */,
				3FF3415CB08BD2FE8898A8B7 /* Pods */,
				D5042DFB3CA75E8DF5A49F60 /* Frameworks */,
			);
			sourceTree = "<group>";
		};
		E64C903A29723DC7004545BB /* Products */ = {
			isa = PBXGroup;
			children = (
				E64C903929723DC7004545BB /* ForeksTrader.app */,
			);
			name = Products;
			sourceTree = "<group>";
		};
		E64C903B29723DC7004545BB /* ForeksTrader */ = {
			isa = PBXGroup;
			children = (
				E64C903C29723DC7004545BB /* AppDelegate.swift */,
				E64C903E29723DC7004545BB /* SceneDelegate.swift */,
				E64C904029723DC7004545BB /* ViewController.swift */,
				E64C904229723DC7004545BB /* Main.storyboard */,
				E64C904529723DC9004545BB /* Assets.xcassets */,
				E64C904729723DC9004545BB /* LaunchScreen.storyboard */,
				E64C904A29723DC9004545BB /* Info.plist */,
			);
			path = ForeksTrader;
			sourceTree = "<group>";
		};
/* End PBXGroup section */

/* Begin PBXNativeTarget section */
		E64C903829723DC7004545BB /* ForeksTrader */ = {
			isa = PBXNativeTarget;
			buildConfigurationList = E64C904D29723DC9004545BB /* Build configuration list for PBXNativeTarget "ForeksTrader" */;
			buildPhases = (
				736B76F46C0ACF3916EA0204 /* [CP] Check Pods Manifest.lock */,
				E64C903529723DC7004545BB /* Sources */,
				E64C903629723DC7004545BB /* Frameworks */,
				E64C903729723DC7004545BB /* Resources */,
			);
			buildRules = (
			);
			dependencies = (
			);
			name = ForeksTrader;
			productName = ForeksTrader;
			productReference = E64C903929723DC7004545BB /* ForeksTrader.app */;
			productType = "com.apple.product-type.application";
		};
/* End PBXNativeTarget section */

/* Begin PBXProject section */
		E64C903129723DC7004545BB /* Project object */ = {
			isa = PBXProject;
			attributes = {
				BuildIndependentTargetsInParallel = 1;
				LastSwiftUpdateCheck = 1410;
				LastUpgradeCheck = 1410;
				TargetAttributes = {
					E64C903829723DC7004545BB = {
						CreatedOnToolsVersion = 14.1;
					};
				};
			};
			buildConfigurationList = E64C903429723DC7004545BB /* Build configuration list for PBXProject "ForeksTrader" */;
			compatibilityVersion = "Xcode 14.0";
			developmentRegion = en;
			hasScannedForEncodings = 0;
			knownRegions = (
				en,
				Base,
			);
			mainGroup = E64C903029723DC7004545BB;
			productRefGroup = E64C903A29723DC7004545BB /* Products */;
			projectDirPath = "";
			projectRoot = "";
			targets = (
				E64C903829723DC7004545BB /* ForeksTrader */,
			);
		};
/* End PBXProject section */

/* Begin PBXResourcesBuildPhase section */
		E64C903729723DC7004545BB /* Resources */ = {
			isa = PBXResourcesBuildPhase;
			buildActionMask = 2147483647;
			files = (
				E64C904929723DC9004545BB /* LaunchScreen.storyboard in Resources */,
				E64C904629723DC9004545BB /* Assets.xcassets in Resources */,
				E64C904429723DC7004545BB /* Main.storyboard in Resources */,
			);
			runOnlyForDeploymentPostprocessing = 0;
		};
/* End PBXResourcesBuildPhase section */

/* Begin PBXShellScriptBuildPhase section */
		736B76F46C0ACF3916EA0204 /* [CP] Check Pods Manifest.lock */ = {
			isa = PBXShellScriptBuildPhase;
			buildActionMask = 2147483647;
			files = (
			);
			inputFileListPaths = (
			);
			inputPaths = (
				"${PODS_PODFILE_DIR_PATH}/Podfile.lock",
				"${PODS_ROOT}/Manifest.lock",
			);
			name = "[CP] Check Pods Manifest.lock";
			outputFileListPaths = (
			);
			outputPaths = (
				"$(DERIVED_FILE_DIR)/Pods-ForeksTrader-checkManifestLockResult.txt",
			);
			runOnlyForDeploymentPostprocessing = 0;
			shellPath = /bin/sh;
			shellScript = "diff \"${PODS_PODFILE_DIR_PATH}/Podfile.lock\" \"${PODS_ROOT}/Manifest.lock\" > /dev/null\nif [ $? != 0 ] ; then\n    # print error to STDERR\n    echo \"error: The sandbox is not in sync with the Podfile.lock. Run 'pod install' or update your CocoaPods installation.\" >&2\n    exit 1\nfi\n# This output is used by Xcode 'outputs' to avoid re-running this script phase.\necho \"SUCCESS\" > \"${SCRIPT_OUTPUT_FILE_0}\"\n";
			showEnvVarsInLog = 0;
		};
/* End PBXShellScriptBuildPhase section */

/* Begin PBXSourcesBuildPhase section */
		E64C903529723DC7004545BB /* Sources */ = {
			isa = PBXSourcesBuildPhase;
			buildActionMask = 2147483647;
			files = (
				E64C904129723DC7004545BB /* ViewController.swift in Sources */,
				E64C903D29723DC7004545BB /* AppDelegate.swift in Sources */,
				E64C903F29723DC7004545BB /* SceneDelegate.swift in Sources */,
			);
			runOnlyForDeploymentPostprocessing = 0;
		};
/* End PBXSourcesBuildPhase section */

/* Begin PBXVariantGroup section */
		E64C904229723DC7004545BB /* Main.storyboard */ = {
			isa = PBXVariantGroup;
			children = (
				E64C904329723DC7004545BB /* Base */,
			);
			name = Main.storyboard;
			sourceTree = "<group>";
		};
		E64C904729723DC9004545BB /* LaunchScreen.storyboard */ = {
			isa = PBXVariantGroup;
			children = (
				E64C904829723DC9004545BB /* Base */,
			);
			name = LaunchScreen.storyboard;
			sourceTree = "<group>";
		};
/* End PBXVariantGroup section */

/* Begin XCBuildConfiguration section */
		E64C904B29723DC9004545BB /* Debug */ = {
			isa = XCBuildConfiguration;
			buildSettings = {
				ALWAYS_SEARCH_USER_PATHS = NO;
				CLANG_ANALYZER_NONNULL = YES;
				CLANG_ANALYZER_NUMBER_OBJECT_CONVERSION = YES_AGGRESSIVE;
				CLANG_CXX_LANGUAGE_STANDARD = "gnu++20";
				CLANG_ENABLE_MODULES = YES;
				CLANG_ENABLE_OBJC_ARC = YES;
				CLANG_ENABLE_OBJC_WEAK = YES;
				CLANG_WARN_BLOCK_CAPTURE_AUTORELEASING = YES;
				CLANG_WARN_BOOL_CONVERSION = YES;
				CLANG_WARN_COMMA = YES;
				CLANG_WARN_CONSTANT_CONVERSION = YES;
				CLANG_WARN_DEPRECATED_OBJC_IMPLEMENTATIONS = YES;
				CLANG_WARN_DIRECT_OBJC_ISA_USAGE = YES_ERROR;
				CLANG_WARN_DOCUMENTATION_COMMENTS = YES;
				CLANG_WARN_EMPTY_BODY = YES;
				CLANG_WARN_ENUM_CONVERSION = YES;
				CLANG_WARN_INFINITE_RECURSION = YES;
				CLANG_WARN_INT_CONVERSION = YES;
				CLANG_WARN_NON_LITERAL_NULL_CONVERSION = YES;
				CLANG_WARN_OBJC_IMPLICIT_RETAIN_SELF = YES;
				CLANG_WARN_OBJC_LITERAL_CONVERSION = YES;
				CLANG_WARN_OBJC_ROOT_CLASS = YES_ERROR;
				CLANG_WARN_QUOTED_INCLUDE_IN_FRAMEWORK_HEADER = YES;
				CLANG_WARN_RANGE_LOOP_ANALYSIS = YES;
				CLANG_WARN_STRICT_PROTOTYPES = YES;
				CLANG_WARN_SUSPICIOUS_MOVE = YES;
				CLANG_WARN_UNGUARDED_AVAILABILITY = YES_AGGRESSIVE;
				CLANG_WARN_UNREACHABLE_CODE = YES;
				CLANG_WARN__DUPLICATE_METHOD_MATCH = YES;
				COPY_PHASE_STRIP = NO;
				DEBUG_INFORMATION_FORMAT = dwarf;
				ENABLE_STRICT_OBJC_MSGSEND = YES;
				ENABLE_TESTABILITY = YES;
				GCC_C_LANGUAGE_STANDARD = gnu11;
				GCC_DYNAMIC_NO_PIC = NO;
				GCC_NO_COMMON_BLOCKS = YES;
				GCC_OPTIMIZATION_LEVEL = 0;
				GCC_PREPROCESSOR_DEFINITIONS = (
					"DEBUG=1",
					"$(inherited)",
				);
				GCC_WARN_64_TO_32_BIT_CONVERSION = YES;
				GCC_WARN_ABOUT_RETURN_TYPE = YES_ERROR;
				GCC_WARN_UNDECLARED_SELECTOR = YES;
				GCC_WARN_UNINITIALIZED_AUTOS = YES_AGGRESSIVE;
				GCC_WARN_UNUSED_FUNCTION = YES;
				GCC_WARN_UNUSED_VARIABLE = YES;
				IPHONEOS_DEPLOYMENT_TARGET = 16.1;
				MTL_ENABLE_DEBUG_INFO = INCLUDE_SOURCE;
				MTL_FAST_MATH = YES;
				ONLY_ACTIVE_ARCH = YES;
				SDKROOT = iphoneos;
				SWIFT_ACTIVE_COMPILATION_CONDITIONS = DEBUG;
				SWIFT_OPTIMIZATION_LEVEL = "-Onone";
			};
			name = Debug;
		};
		E64C904C29723DC9004545BB /* Release */ = {
			isa = XCBuildConfiguration;
			buildSettings = {
				ALWAYS_SEARCH_USER_PATHS = NO;
				CLANG_ANALYZER_NONNULL = YES;
				CLANG_ANALYZER_NUMBER_OBJECT_CONVERSION = YES_AGGRESSIVE;
				CLANG_CXX_LANGUAGE_STANDARD = "gnu++20";
				CLANG_ENABLE_MODULES = YES;
				CLANG_ENABLE_OBJC_ARC = YES;
				CLANG_ENABLE_OBJC_WEAK = YES;
				CLANG_WARN_BLOCK_CAPTURE_AUTORELEASING = YES;
				CLANG_WARN_BOOL_CONVERSION = YES;
				CLANG_WARN_COMMA = YES;
				CLANG_WARN_CONSTANT_CONVERSION = YES;
				CLANG_WARN_DEPRECATED_OBJC_IMPLEMENTATIONS = YES;
				CLANG_WARN_DIRECT_OBJC_ISA_USAGE = YES_ERROR;
				CLANG_WARN_DOCUMENTATION_COMMENTS = YES;
				CLANG_WARN_EMPTY_BODY = YES;
				CLANG_WARN_ENUM_CONVERSION = YES;
				CLANG_WARN_INFINITE_RECURSION = YES;
				CLANG_WARN_INT_CONVERSION = YES;
				CLANG_WARN_NON_LITERAL_NULL_CONVERSION = YES;
				CLANG_WARN_OBJC_IMPLICIT_RETAIN_SELF = YES;
				CLANG_WARN_OBJC_LITERAL_CONVERSION = YES;
				CLANG_WARN_OBJC_ROOT_CLASS = YES_ERROR;
				CLANG_WARN_QUOTED_INCLUDE_IN_FRAMEWORK_HEADER = YES;
				CLANG_WARN_RANGE_LOOP_ANALYSIS = YES;
				CLANG_WARN_STRICT_PROTOTYPES = YES;
				CLANG_WARN_SUSPICIOUS_MOVE = YES;
				CLANG_WARN_UNGUARDED_AVAILABILITY = YES_AGGRESSIVE;
				CLANG_WARN_UNREACHABLE_CODE = YES;
				CLANG_WARN__DUPLICATE_METHOD_MATCH = YES;
				COPY_PHASE_STRIP = NO;
				DEBUG_INFORMATION_FORMAT = "dwarf-with-dsym";
				ENABLE_NS_ASSERTIONS = NO;
				ENABLE_STRICT_OBJC_MSGSEND = YES;
				GCC_C_LANGUAGE_STANDARD = gnu11;
				GCC_NO_COMMON_BLOCKS = YES;
				GCC_WARN_64_TO_32_BIT_CONVERSION = YES;
				GCC_WARN_ABOUT_RETURN_TYPE = YES_ERROR;
				GCC_WARN_UNDECLARED_SELECTOR = YES;
				GCC_WARN_UNINITIALIZED_AUTOS = YES_AGGRESSIVE;
				GCC_WARN_UNUSED_FUNCTION = YES;
				GCC_WARN_UNUSED_VARIABLE = YES;
				IPHONEOS_DEPLOYMENT_TARGET = 16.1;
				MTL_ENABLE_DEBUG_INFO = NO;
				MTL_FAST_MATH = YES;
				SDKROOT = iphoneos;
				SWIFT_COMPILATION_MODE = wholemodule;
				SWIFT_OPTIMIZATION_LEVEL = "-O";
				VALIDATE_PRODUCT = YES;
			};
			name = Release;
		};
		E64C904E29723DC9004545BB /* Debug */ = {
			isa = XCBuildConfiguration;
			baseConfigurationReference = 653E67BB5E3431AD8C436134 /* Pods-ForeksTrader.debug.xcconfig */;
			buildSettings = {
				ASSETCATALOG_COMPILER_APPICON_NAME = AppIcon;
				ASSETCATALOG_COMPILER_GLOBAL_ACCENT_COLOR_NAME = AccentColor;
				CODE_SIGN_STYLE = Automatic;
				CURRENT_PROJECT_VERSION = 1;
				DEVELOPMENT_TEAM = QXM745HWL7;
				GENERATE_INFOPLIST_FILE = YES;
				INFOPLIST_FILE = ForeksTrader/Info.plist;
				INFOPLIST_KEY_UIApplicationSupportsIndirectInputEvents = YES;
				INFOPLIST_KEY_UILaunchStoryboardName = LaunchScreen;
				INFOPLIST_KEY_UIMainStoryboardFile = Main;
				INFOPLIST_KEY_UISupportedInterfaceOrientations_iPad = "UIInterfaceOrientationPortrait UIInterfaceOrientationPortraitUpsideDown UIInterfaceOrientationLandscapeLeft UIInterfaceOrientationLandscapeRight";
				INFOPLIST_KEY_UISupportedInterfaceOrientations_iPhone = "UIInterfaceOrientationPortrait UIInterfaceOrientationLandscapeLeft UIInterfaceOrientationLandscapeRight";
				LD_RUNPATH_SEARCH_PATHS = (
					"$(inherited)",
					"@executable_path/Frameworks",
				);
				MARKETING_VERSION = 1.0;
				PRODUCT_BUNDLE_IDENTIFIER = Berkay.ForeksTrader;
				PRODUCT_NAME = "$(TARGET_NAME)";
				SWIFT_EMIT_LOC_STRINGS = YES;
				SWIFT_VERSION = 5.0;
				TARGETED_DEVICE_FAMILY = "1,2";
			};
			name = Debug;
		};
		E64C904F29723DC9004545BB /* Release */ = {
			isa = XCBuildConfiguration;
			baseConfigurationReference = DF0C8A3B0BAB9C5C7B398D95 /* Pods-ForeksTrader.release.xcconfig */;
			buildSettings = {
				ASSETCATALOG_COMPILER_APPICON_NAME = AppIcon;
				ASSETCATALOG_COMPILER_GLOBAL_ACCENT_COLOR_NAME = AccentColor;
				CODE_SIGN_STYLE = Automatic;
				CURRENT_PROJECT_VERSION = 1;
				DEVELOPMENT_TEAM = QXM745HWL7;
				GENERATE_INFOPLIST_FILE = YES;
				INFOPLIST_FILE = ForeksTrader/Info.plist;
				INFOPLIST_KEY_UIApplicationSupportsIndirectInputEvents = YES;
				INFOPLIST_KEY_UILaunchStoryboardName = LaunchScreen;
				INFOPLIST_KEY_UIMainStoryboardFile = Main;
				INFOPLIST_KEY_UISupportedInterfaceOrientations_iPad = "UIInterfaceOrientationPortrait UIInterfaceOrientationPortraitUpsideDown UIInterfaceOrientationLandscapeLeft UIInterfaceOrientationLandscapeRight";
				INFOPLIST_KEY_UISupportedInterfaceOrientations_iPhone = "UIInterfaceOrientationPortrait UIInterfaceOrientationLandscapeLeft UIInterfaceOrientationLandscapeRight";
				LD_RUNPATH_SEARCH_PATHS = (
					"$(inherited)",
					"@executable_path/Frameworks",
				);
				MARKETING_VERSION = 1.0;
				PRODUCT_BUNDLE_IDENTIFIER = Berkay.ForeksTrader;
				PRODUCT_NAME = "$(TARGET_NAME)";
				SWIFT_EMIT_LOC_STRINGS = YES;
				SWIFT_VERSION = 5.0;
				TARGETED_DEVICE_FAMILY = "1,2";
			};
			name = Release;
		};
/* End XCBuildConfiguration section */

/* Begin XCConfigurationList section */
		E64C903429723DC7004545BB /* Build configuration list for PBXProject "ForeksTrader" */ = {
			isa = XCConfigurationList;
			buildConfigurations = (
				E64C904B29723DC9004545BB /* Debug */,
				E64C904C29723DC9004545BB /* Release */,
			);
			defaultConfigurationIsVisible = 0;
			defaultConfigurationName = Release;
		};
		E64C904D29723DC9004545BB /* Build configuration list for PBXNativeTarget "ForeksTrader" */ = {
			isa = XCConfigurationList;
			buildConfigurations = (
				E64C904E29723DC9004545BB /* Debug */,
				E64C904F29723DC9004545BB /* Release */,
			);
			defaultConfigurationIsVisible = 0;
			defaultConfigurationName = Release;
		};
/* End XCConfigurationList section */
	};
	rootObject = E64C903129723DC7004545BB /* Project object */;
}
